// !$*UTF8*$!
{
	archiveVersion = 1;
	classes = {
	};
	objectVersion = 50;
	objects = {

/* Begin PBXBuildFile section */
		17ADF1152407CEF400DDE740 /* AppDelegate.swift in Sources */ = {isa = PBXBuildFile; fileRef = 17ADF1142407CEF400DDE740 /* AppDelegate.swift */; };
		17ADF1172407CEF400DDE740 /* SceneDelegate.swift in Sources */ = {isa = PBXBuildFile; fileRef = 17ADF1162407CEF400DDE740 /* SceneDelegate.swift */; };
		17ADF1192407CEF400DDE740 /* ViewController.swift in Sources */ = {isa = PBXBuildFile; fileRef = 17ADF1182407CEF400DDE740 /* ViewController.swift */; };
		17ADF11C2407CEF400DDE740 /* Main.storyboard in Resources */ = {isa = PBXBuildFile; fileRef = 17ADF11A2407CEF400DDE740 /* Main.storyboard */; };
		17ADF11E2407CEF500DDE740 /* Assets.xcassets in Resources */ = {isa = PBXBuildFile; fileRef = 17ADF11D2407CEF500DDE740 /* Assets.xcassets */; };
		17ADF1212407CEF500DDE740 /* LaunchScreen.storyboard in Resources */ = {isa = PBXBuildFile; fileRef = 17ADF11F2407CEF500DDE740 /* LaunchScreen.storyboard */; };
		17CE2CAB2407CF81001837A6 /* AccessibleButton.swift in Sources */ = {isa = PBXBuildFile; fileRef = 17CE2CAA2407CF81001837A6 /* AccessibleButton.swift */; };
/* End PBXBuildFile section */

/* Begin PBXFileReference section */
		17ADF1112407CEF400DDE740 /* AccessibleView.app */ = {isa = PBXFileReference; explicitFileType = wrapper.application; includeInIndex = 0; path = AccessibleView.app; sourceTree = BUILT_PRODUCTS_DIR; };
		17ADF1142407CEF400DDE740 /* AppDelegate.swift */ = {isa = PBXFileReference; lastKnownFileType = sourcecode.swift; path = AppDelegate.swift; sourceTree = "<group>"; };
		17ADF1162407CEF400DDE740 /* SceneDelegate.swift */ = {isa = PBXFileReference; lastKnownFileType = sourcecode.swift; path = SceneDelegate.swift; sourceTree = "<group>"; };
		17ADF1182407CEF400DDE740 /* ViewController.swift */ = {isa = PBXFileReference; lastKnownFileType = sourcecode.swift; path = ViewController.swift; sourceTree = "<group>"; };
		17ADF11B2407CEF400DDE740 /* Base */ = {isa = PBXFileReference; lastKnownFileType = file.storyboard; name = Base; path = Base.lproj/Main.storyboard; sourceTree = "<group>"; };
		17ADF11D2407CEF500DDE740 /* Assets.xcassets */ = {isa = PBXFileReference; lastKnownFileType = folder.assetcatalog; path = Assets.xcassets; sourceTree = "<group>"; };
		17ADF1202407CEF500DDE740 /* Base */ = {isa = PBXFileReference; lastKnownFileType = file.storyboard; name = Base; path = Base.lproj/LaunchScreen.storyboard; sourceTree = "<group>"; };
		17ADF1222407CEF500DDE740 /* Info.plist */ = {isa = PBXFileReference; lastKnownFileType = text.plist.xml; path = Info.plist; sourceTree = "<group>"; };
		17CE2CAA2407CF81001837A6 /* AccessibleButton.swift */ = {isa = PBXFileReference; lastKnownFileType = sourcecode.swift; path = AccessibleButton.swift; sourceTree = "<group>"; };
/* End PBXFileReference section */

/* Begin PBXFrameworksBuildPhase section */
		17ADF10E2407CEF400DDE740 /* Frameworks */ = {
			isa = PBXFrameworksBuildPhase;
			buildActionMask = 2147483647;
			files = (
			);
			runOnlyForDeploymentPostprocessing = 0;
		};
/* End PBXFrameworksBuildPhase section */

/* Begin PBXGroup section */
		17ADF1082407CEF400DDE740 = {
			isa = PBXGroup;
			children = (
				17ADF1132407CEF400DDE740 /* AccessibleView */,
				17ADF1122407CEF400DDE740 /* Products */,
			);
			sourceTree = "<group>";
		};
		17ADF1122407CEF400DDE740 /* Products */ = {
			isa = PBXGroup;
			children = (
				17ADF1112407CEF400DDE740 /* AccessibleView.app */,
			);
			name = Products;
			sourceTree = "<group>";
		};
		17ADF1132407CEF400DDE740 /* AccessibleView */ = {
			isa = PBXGroup;
			children = (
				17ADF1142407CEF400DDE740 /* AppDelegate.swift */,
				17ADF1162407CEF400DDE740 /* SceneDelegate.swift */,
				17ADF1182407CEF400DDE740 /* ViewController.swift */,
				17ADF11A2407CEF400DDE740 /* Main.storyboard */,
				17ADF11D2407CEF500DDE740 /* Assets.xcassets */,
				17ADF11F2407CEF500DDE740 /* LaunchScreen.storyboard */,
				17ADF1222407CEF500DDE740 /* Info.plist */,
				17CE2CAA2407CF81001837A6 /* AccessibleButton.swift */,
			);
			path = AccessibleView;
			sourceTree = "<group>";
		};
/* End PBXGroup section */

/* Begin PBXNativeTarget section */
		17ADF1102407CEF400DDE740 /* AccessibleView */ = {
			isa = PBXNativeTarget;
			buildConfigurationList = 17ADF1252407CEF500DDE740 /* Build configuration list for PBXNativeTarget "AccessibleView" */;
			buildPhases = (
				17ADF10D2407CEF400DDE740 /* Sources */,
				17ADF10E2407CEF400DDE740 /* Frameworks */,
				17ADF10F2407CEF400DDE740 /* Resources */,
			);
			buildRules = (
			);
			dependencies = (
			);
			name = AccessibleView;
			productName = AccessibleView;
			productReference = 17ADF1112407CEF400DDE740 /* AccessibleView.app */;
			productType = "com.apple.product-type.application";
		};
/* End PBXNativeTarget section */

/* Begin PBXProject section */
		17ADF1092407CEF400DDE740 /* Project object */ = {
			isa = PBXProject;
			attributes = {
				LastSwiftUpdateCheck = 1130;
				LastUpgradeCheck = 1130;
				ORGANIZATIONNAME = "Paolo Pecis";
				TargetAttributes = {
					17ADF1102407CEF400DDE740 = {
						CreatedOnToolsVersion = 11.3.1;
					};
				};
			};
			buildConfigurationList = 17ADF10C2407CEF400DDE740 /* Build configuration list for PBXProject "AccessibleView" */;
			compatibilityVersion = "Xcode 9.3";
			developmentRegion = en;
			hasScannedForEncodings = 0;
			knownRegions = (
				en,
				Base,
			);
			mainGroup = 17ADF1082407CEF400DDE740;
			productRefGroup = 17ADF1122407CEF400DDE740 /* Products */;
			projectDirPath = "";
			projectRoot = "";
			targets = (
				17ADF1102407CEF400DDE740 /* AccessibleView */,
			);
		};
/* End PBXProject section */

/* Begin PBXResourcesBuildPhase section */
		17ADF10F2407CEF400DDE740 /* Resources */ = {
			isa = PBXResourcesBuildPhase;
			buildActionMask = 2147483647;
			files = (
				17ADF1212407CEF500DDE740 /* LaunchScreen.storyboard in Resources */,
				17ADF11E2407CEF500DDE740 /* Assets.xcassets in Resources */,
				17ADF11C2407CEF400DDE740 /* Main.storyboard in Resources */,
			);
			runOnlyForDeploymentPostprocessing = 0;
		};
/* End PBXResourcesBuildPhase section */

/* Begin PBXSourcesBuildPhase section */
		17ADF10D2407CEF400DDE740 /* Sources */ = {
			isa = PBXSourcesBuildPhase;
			buildActionMask = 2147483647;
			files = (
				17ADF1192407CEF400DDE740 /* ViewController.swift in Sources */,
				17CE2CAB2407CF81001837A6 /* AccessibleButton.swift in Sources */,
				17ADF1152407CEF400DDE740 /* AppDelegate.swift in Sources */,
				17ADF1172407CEF400DDE740 /* SceneDelegate.swift in Sources */,
			);
			runOnlyForDeploymentPostprocessing = 0;
		};
/* End PBXSourcesBuildPhase section */

/* Begin PBXVariantGroup section */
		17ADF11A2407CEF400DDE740 /* Main.storyboard */ = {
			isa = PBXVariantGroup;
			children = (
				17ADF11B2407CEF400DDE740 /* Base */,
			);
			name = Main.storyboard;
			sourceTree = "<group>";
		};
		17ADF11F2407CEF500DDE740 /* LaunchScreen.storyboard */ = {
			isa = PBXVariantGroup;
			children = (
				17ADF1202407CEF500DDE740 /* Base */,
			);
			name = LaunchScreen.storyboard;
			sourceTree = "<group>";
		};
/* End PBXVariantGroup section */

/* Begin XCBuildConfiguration section */
		17ADF1232407CEF500DDE740 /* Debug */ = {
			isa = XCBuildConfiguration;
			buildSettings = {
				ALWAYS_SEARCH_USER_PATHS = NO;
				CLANG_ANALYZER_NONNULL = YES;
				CLANG_ANALYZER_NUMBER_OBJECT_CONVERSION = YES_AGGRESSIVE;
				CLANG_CXX_LANGUAGE_STANDARD = "gnu++14";
				CLANG_CXX_LIBRARY = "libc++";
				CLANG_ENABLE_MODULES = YES;
				CLANG_ENABLE_OBJC_ARC = YES;
				CLANG_ENABLE_OBJC_WEAK = YES;
				CLANG_WARN_BLOCK_CAPTURE_AUTORELEASING = YES;
				CLANG_WARN_BOOL_CONVERSION = YES;
				CLANG_WARN_COMMA = YES;
				CLANG_WARN_CONSTANT_CONVERSION = YES;
				CLANG_WARN_DEPRECATED_OBJC_IMPLEMENTATIONS = YES;
				CLANG_WARN_DIRECT_OBJC_ISA_USAGE = YES_ERROR;
				CLANG_WARN_DOCUMENTATION_COMMENTS = YES;
				CLANG_WARN_EMPTY_BODY = YES;
				CLANG_WARN_ENUM_CONVERSION = YES;
				CLANG_WARN_INFINITE_RECURSION = YES;
				CLANG_WARN_INT_CONVERSION = YES;
				CLANG_WARN_NON_LITERAL_NULL_CONVERSION = YES;
				CLANG_WARN_OBJC_IMPLICIT_RETAIN_SELF = YES;
				CLANG_WARN_OBJC_LITERAL_CONVERSION = YES;
				CLANG_WARN_OBJC_ROOT_CLASS = YES_ERROR;
				CLANG_WARN_RANGE_LOOP_ANALYSIS = YES;
				CLANG_WARN_STRICT_PROTOTYPES = YES;
				CLANG_WARN_SUSPICIOUS_MOVE = YES;
				CLANG_WARN_UNGUARDED_AVAILABILITY = YES_AGGRESSIVE;
				CLANG_WARN_UNREACHABLE_CODE = YES;
				CLANG_WARN__DUPLICATE_METHOD_MATCH = YES;
				COPY_PHASE_STRIP = NO;
				DEBUG_INFORMATION_FORMAT = dwarf;
				ENABLE_STRICT_OBJC_MSGSEND = YES;
				ENABLE_TESTABILITY = YES;
				GCC_C_LANGUAGE_STANDARD = gnu11;
				GCC_DYNAMIC_NO_PIC = NO;
				GCC_NO_COMMON_BLOCKS = YES;
				GCC_OPTIMIZATION_LEVEL = 0;
				GCC_PREPROCESSOR_DEFINITIONS = (
					"DEBUG=1",
					"$(inherited)",
				);
				GCC_WARN_64_TO_32_BIT_CONVERSION = YES;
				GCC_WARN_ABOUT_RETURN_TYPE = YES_ERROR;
				GCC_WARN_UNDECLARED_SELECTOR = YES;
				GCC_WARN_UNINITIALIZED_AUTOS = YES_AGGRESSIVE;
				GCC_WARN_UNUSED_FUNCTION = YES;
				GCC_WARN_UNUSED_VARIABLE = YES;
				IPHONEOS_DEPLOYMENT_TARGET = 13.2;
				MTL_ENABLE_DEBUG_INFO = INCLUDE_SOURCE;
				MTL_FAST_MATH = YES;
				ONLY_ACTIVE_ARCH = YES;
				SDKROOT = iphoneos;
				SWIFT_ACTIVE_COMPILATION_CONDITIONS = DEBUG;
				SWIFT_OPTIMIZATION_LEVEL = "-Onone";
			};
			name = Debug;
		};
		17ADF1242407CEF500DDE740 /* Release */ = {
			isa = XCBuildConfiguration;
			buildSettings = {
				ALWAYS_SEARCH_USER_PATHS = NO;
				CLANG_ANALYZER_NONNULL = YES;
				CLANG_ANALYZER_NUMBER_OBJECT_CONVERSION = YES_AGGRESSIVE;
				CLANG_CXX_LANGUAGE_STANDARD = "gnu++14";
				CLANG_CXX_LIBRARY = "libc++";
				CLANG_ENABLE_MODULES = YES;
				CLANG_ENABLE_OBJC_ARC = YES;
				CLANG_ENABLE_OBJC_WEAK = YES;
				CLANG_WARN_BLOCK_CAPTURE_AUTORELEASING = YES;
				CLANG_WARN_BOOL_CONVERSION = YES;
				CLANG_WARN_COMMA = YES;
				CLANG_WARN_CONSTANT_CONVERSION = YES;
				CLANG_WARN_DEPRECATED_OBJC_IMPLEMENTATIONS = YES;
				CLANG_WARN_DIRECT_OBJC_ISA_USAGE = YES_ERROR;
				CLANG_WARN_DOCUMENTATION_COMMENTS = YES;
				CLANG_WARN_EMPTY_BODY = YES;
				CLANG_WARN_ENUM_CONVERSION = YES;
				CLANG_WARN_INFINITE_RECURSION = YES;
				CLANG_WARN_INT_CONVERSION = YES;
				CLANG_WARN_NON_LITERAL_NULL_CONVERSION = YES;
				CLANG_WARN_OBJC_IMPLICIT_RETAIN_SELF = YES;
				CLANG_WARN_OBJC_LITERAL_CONVERSION = YES;
				CLANG_WARN_OBJC_ROOT_CLASS = YES_ERROR;
				CLANG_WARN_RANGE_LOOP_ANALYSIS = YES;
				CLANG_WARN_STRICT_PROTOTYPES = YES;
				CLANG_WARN_SUSPICIOUS_MOVE = YES;
				CLANG_WARN_UNGUARDED_AVAILABILITY = YES_AGGRESSIVE;
				CLANG_WARN_UNREACHABLE_CODE = YES;
				CLANG_WARN__DUPLICATE_METHOD_MATCH = YES;
				COPY_PHASE_STRIP = NO;
				DEBUG_INFORMATION_FORMAT = "dwarf-with-dsym";
				ENABLE_NS_ASSERTIONS = NO;
				ENABLE_STRICT_OBJC_MSGSEND = YES;
				GCC_C_LANGUAGE_STANDARD = gnu11;
				GCC_NO_COMMON_BLOCKS = YES;
				GCC_WARN_64_TO_32_BIT_CONVERSION = YES;
				GCC_WARN_ABOUT_RETURN_TYPE = YES_ERROR;
				GCC_WARN_UNDECLARED_SELECTOR = YES;
				GCC_WARN_UNINITIALIZED_AUTOS = YES_AGGRESSIVE;
				GCC_WARN_UNUSED_FUNCTION = YES;
				GCC_WARN_UNUSED_VARIABLE = YES;
				IPHONEOS_DEPLOYMENT_TARGET = 13.2;
				MTL_ENABLE_DEBUG_INFO = NO;
				MTL_FAST_MATH = YES;
				SDKROOT = iphoneos;
				SWIFT_COMPILATION_MODE = wholemodule;
				SWIFT_OPTIMIZATION_LEVEL = "-O";
				VALIDATE_PRODUCT = YES;
			};
			name = Release;
		};
		17ADF1262407CEF500DDE740 /* Debug */ = {
			isa = XCBuildConfiguration;
			buildSettings = {
				ASSETCATALOG_COMPILER_APPICON_NAME = AppIcon;
				CODE_SIGN_STYLE = Automatic;
				DEVELOPMENT_TEAM = SSDAG7GZA8;
				INFOPLIST_FILE = AccessibleView/Info.plist;
				LD_RUNPATH_SEARCH_PATHS = (
					"$(inherited)",
					"@executable_path/Frameworks",
				);
				PRODUCT_BUNDLE_IDENTIFIER = com.companyname.XamarinMelodies;
				PRODUCT_NAME = "$(TARGET_NAME)";
				SWIFT_VERSION = 5.0;
				TARGETED_DEVICE_FAMILY = "1,2";
			};
			name = Debug;
		};
		17ADF1272407CEF500DDE740 /* Release */ = {
			isa = XCBuildConfiguration;
			buildSettings = {
				ASSETCATALOG_COMPILER_APPICON_NAME = AppIcon;
				CODE_SIGN_STYLE = Automatic;
				DEVELOPMENT_TEAM = SSDAG7GZA8;
				INFOPLIST_FILE = AccessibleView/Info.plist;
				LD_RUNPATH_SEARCH_PATHS = (
					"$(inherited)",
					"@executable_path/Frameworks",
				);
				PRODUCT_BUNDLE_IDENTIFIER = com.companyname.XamarinMelodies;
				PRODUCT_NAME = "$(TARGET_NAME)";
				SWIFT_VERSION = 5.0;
				TARGETED_DEVICE_FAMILY = "1,2";
			};
			name = Release;
		};
/* End XCBuildConfiguration section */

/* Begin XCConfigurationList section */
		17ADF10C2407CEF400DDE740 /* Build configuration list for PBXProject "AccessibleView" */ = {
			isa = XCConfigurationList;
			buildConfigurations = (
				17ADF1232407CEF500DDE740 /* Debug */,
				17ADF1242407CEF500DDE740 /* Release */,
			);
			defaultConfigurationIsVisible = 0;
			defaultConfigurationName = Release;
		};
		17ADF1252407CEF500DDE740 /* Build configuration list for PBXNativeTarget "AccessibleView" */ = {
			isa = XCConfigurationList;
			buildConfigurations = (
				17ADF1262407CEF500DDE740 /* Debug */,
				17ADF1272407CEF500DDE740 /* Release */,
			);
			defaultConfigurationIsVisible = 0;
			defaultConfigurationName = Release;
		};
/* End XCConfigurationList section */
	};
	rootObject = 17ADF1092407CEF400DDE740 /* Project object */;
}
